
Microsoft Visual Studio Solution File, Format Version 12.00
# Visual Studio 15
VisualStudioVersion = 15.0.28010.2041
MinimumVisualStudioVersion = 10.0.40219.1
Project("{8BC9CEB8-8B4A-11D0-8D11-00A0C91BC942}") = "Happy", "Happy\Happy.vcxproj", "{8052CDF2-006A-41A6-B58D-E0FA929F4094}"
EndProject
Project("{8BC9CEB8-8B4A-11D0-8D11-00A0C91BC942}") = "Sad", "Sad\Sad.vcxproj", "{59FAA190-F041-44FB-B00D-3EE0ADE917B5}"
EndProject
Project("{8BC9CEB8-8B4A-11D0-8D11-00A0C91BC942}") = "HappyDLL", "HappyDLL\HappyDLL.vcxproj", "{FE6F0BEF-54B7-4F64-8C12-36EC6963277D}"
EndProject
Project("{8BC9CEB8-8B4A-11D0-8D11-00A0C91BC942}") = "SadDLL", "SadDLL\SadDLL.vcxproj", "{23355F0B-2ED6-40B7-B8FA-A7EB385423DA}"
EndProject
Global
	GlobalSection(SolutionConfigurationPlatforms) = preSolution
		Debug|x64 = Debug|x64
		Debug|x86 = Debug|x86
		Release|x64 = Release|x64
		Release|x86 = Release|x86
	EndGlobalSection
	GlobalSection(ProjectConfigurationPlatforms) = postSolution
		{8052CDF2-006A-41A6-B58D-E0FA929F4094}.Debug|x64.ActiveCfg = Debug|x64
		{8052CDF2-006A-41A6-B58D-E0FA929F4094}.Debug|x64.Build.0 = Debug|x64
		{8052CDF2-006A-41A6-B58D-E0FA929F4094}.Debug|x86.ActiveCfg = Debug|Win32
		{8052CDF2-006A-41A6-B58D-E0FA929F4094}.Debug|x86.Build.0 = Debug|Win32
		{8052CDF2-006A-41A6-B58D-E0FA929F4094}.Release|x64.ActiveCfg = Release|x64
		{8052CDF2-006A-41A6-B58D-E0FA929F4094}.Release|x64.Build.0 = Release|x64
		{8052CDF2-006A-41A6-B58D-E0FA929F4094}.Release|x86.ActiveCfg = Release|Win32
		{8052CDF2-006A-41A6-B58D-E0FA929F4094}.Release|x86.Build.0 = Release|Win32
		{59FAA190-F041-44FB-B00D-3EE0ADE917B5}.Debug|x64.ActiveCfg = Debug|x64
		{59FAA190-F041-44FB-B00D-3EE0ADE917B5}.Debug|x64.Build.0 = Debug|x64
		{59FAA190-F041-44FB-B00D-3EE0ADE917B5}.Debug|x86.ActiveCfg = Debug|Win32
		{59FAA190-F041-44FB-B00D-3EE0ADE917B5}.Debug|x86.Build.0 = Debug|Win32
		{59FAA190-F041-44FB-B00D-3EE0ADE917B5}.Release|x64.ActiveCfg = Release|x64
		{59FAA190-F041-44FB-B00D-3EE0ADE917B5}.Release|x64.Build.0 = Release|x64
		{59FAA190-F041-44FB-B00D-3EE0ADE917B5}.Release|x86.ActiveCfg = Release|Win32
		{59FAA190-F041-44FB-B00D-3EE0ADE917B5}.Release|x86.Build.0 = Release|Win32
		{FE6F0BEF-54B7-4F64-8C12-36EC6963277D}.Debug|x64.ActiveCfg = Debug|x64
		{FE6F0BEF-54B7-4F64-8C12-36EC6963277D}.Debug|x64.Build.0 = Debug|x64
		{FE6F0BEF-54B7-4F64-8C12-36EC6963277D}.Debug|x86.ActiveCfg = Debug|Win32
		{FE6F0BEF-54B7-4F64-8C12-36EC6963277D}.Debug|x86.Build.0 = Debug|Win32
		{FE6F0BEF-54B7-4F64-8C12-36EC6963277D}.Release|x64.ActiveCfg = Release|x64
		{FE6F0BEF-54B7-4F64-8C12-36EC6963277D}.Release|x64.Build.0 = Release|x64
		{FE6F0BEF-54B7-4F64-8C12-36EC6963277D}.Release|x86.ActiveCfg = Release|Win32
		{FE6F0BEF-54B7-4F64-8C12-36EC6963277D}.Release|x86.Build.0 = Release|Win32
		{23355F0B-2ED6-40B7-B8FA-A7EB385423DA}.Debug|x64.ActiveCfg = Debug|x64
		{23355F0B-2ED6-40B7-B8FA-A7EB385423DA}.Debug|x64.Build.0 = Debug|x64
		{23355F0B-2ED6-40B7-B8FA-A7EB385423DA}.Debug|x86.ActiveCfg = Debug|Win32
		{23355F0B-2ED6-40B7-B8FA-A7EB385423DA}.Debug|x86.Build.0 = Debug|Win32
		{23355F0B-2ED6-40B7-B8FA-A7EB385423DA}.Release|x64.ActiveCfg = Release|x64
		{23355F0B-2ED6-40B7-B8FA-A7EB385423DA}.Release|x64.Build.0 = Release|x64
		{23355F0B-2ED6-40B7-B8FA-A7EB385423DA}.Release|x86.ActiveCfg = Release|Win32
		{23355F0B-2ED6-40B7-B8FA-A7EB385423DA}.Release|x86.Build.0 = Release|Win32
	EndGlobalSection
	GlobalSection(SolutionProperties) = preSolution
		HideSolutionNode = FALSE
	EndGlobalSection
	GlobalSection(ExtensibilityGlobals) = postSolution
		SolutionGuid = {56D78CCA-CC5E-44C8-83CA-33B57E9FA38A}
	EndGlobalSection
EndGlobal
